
Microsoft Visual Studio Solution File, Format Version 11.00
# Visual Studio 2010
# SharpDevelop 5.1
Project("{FAE04EC0-301F-11D3-BF4B-00C04F79EFBC}") = "MortG", "MortG\MortG.csproj", "{1DEF1BCB-7F2D-40F4-A94C-6A70BA122631}"
EndProject
Global
	GlobalSection(SolutionConfigurationPlatforms) = preSolution
		Debug|Any CPU = Debug|Any CPU
		Release|Any CPU = Release|Any CPU
	EndGlobalSection
	GlobalSection(ProjectConfigurationPlatforms) = postSolution
		{1DEF1BCB-7F2D-40F4-A94C-6A70BA122631}.Debug|Any CPU.ActiveCfg = Debug|Any CPU
		{1DEF1BCB-7F2D-40F4-A94C-6A70BA122631}.Debug|Any CPU.Build.0 = Debug|Any CPU
		{1DEF1BCB-7F2D-40F4-A94C-6A70BA122631}.Release|Any CPU.ActiveCfg = Release|Any CPU
		{1DEF1BCB-7F2D-40F4-A94C-6A70BA122631}.Release|Any CPU.Build.0 = Release|Any CPU
	EndGlobalSection
EndGlobal
